// !$*UTF8*$!
{
	archiveVersion = 1;
	classes = {
	};
	objectVersion = 77;
	objects = {

/* Begin PBXContainerItemProxy section */
		49BE64AE2C9E9B150034C920 /* PBXContainerItemProxy */ = {
			isa = PBXContainerItemProxy;
			containerPortal = 49BE64952C9E9B140034C920 /* Project object */;
			proxyType = 1;
			remoteGlobalIDString = 49BE649C2C9E9B140034C920;
			remoteInfo = GridSwiftUI;
		};
		49BE64B82C9E9B150034C920 /* PBXContainerItemProxy */ = {
			isa = PBXContainerItemProxy;
			containerPortal = 49BE64952C9E9B140034C920 /* Project object */;
			proxyType = 1;
			remoteGlobalIDString = 49BE649C2C9E9B140034C920;
			remoteInfo = GridSwiftUI;
		};
/* End PBXContainerItemProxy section */

/* Begin PBXFileReference section */
		49BE649D2C9E9B140034C920 /* GridSwiftUI.app */ = {isa = PBXFileReference; explicitFileType = wrapper.application; includeInIndex = 0; path = GridSwiftUI.app; sourceTree = BUILT_PRODUCTS_DIR; };
		49BE64AD2C9E9B150034C920 /* GridSwiftUITests.xctest */ = {isa = PBXFileReference; explicitFileType = wrapper.cfbundle; includeInIndex = 0; path = GridSwiftUITests.xctest; sourceTree = BUILT_PRODUCTS_DIR; };
		49BE64B72C9E9B150034C920 /* GridSwiftUIUITests.xctest */ = {isa = PBXFileReference; explicitFileType = wrapper.cfbundle; includeInIndex = 0; path = GridSwiftUIUITests.xctest; sourceTree = BUILT_PRODUCTS_DIR; };
/* End PBXFileReference section */

/* Begin PBXFileSystemSynchronizedRootGroup section */
		49BE649F2C9E9B140034C920 /* GridSwiftUI */ = {
			isa = PBXFileSystemSynchronizedRootGroup;
			path = GridSwiftUI;
			sourceTree = "<group>";
		};
		49BE64B02C9E9B150034C920 /* GridSwiftUITests */ = {
			isa = PBXFileSystemSynchronizedRootGroup;
			path = GridSwiftUITests;
			sourceTree = "<group>";
		};
		49BE64BA2C9E9B150034C920 /* GridSwiftUIUITests */ = {
			isa = PBXFileSystemSynchronizedRootGroup;
			path = GridSwiftUIUITests;
			sourceTree = "<group>";
		};
/* End PBXFileSystemSynchronizedRootGroup section */

/* Begin PBXFrameworksBuildPhase section */
		49BE649A2C9E9B140034C920 /* Frameworks */ = {
			isa = PBXFrameworksBuildPhase;
			buildActionMask = 2147483647;
			files = (
			);
			runOnlyForDeploymentPostprocessing = 0;
		};
		49BE64AA2C9E9B150034C920 /* Frameworks */ = {
			isa = PBXFrameworksBuildPhase;
			buildActionMask = 2147483647;
			files = (
			);
			runOnlyForDeploymentPostprocessing = 0;
		};
		49BE64B42C9E9B150034C920 /* Frameworks */ = {
			isa = PBXFrameworksBuildPhase;
			buildActionMask = 2147483647;
			files = (
			);
			runOnlyForDeploymentPostprocessing = 0;
		};
/* End PBXFrameworksBuildPhase section */

/* Begin PBXGroup section */
		49BE64942C9E9B140034C920 = {
			isa = PBXGroup;
			children = (
				49BE649F2C9E9B140034C920 /* GridSwiftUI */,
				49BE64B02C9E9B150034C920 /* GridSwiftUITests */,
				49BE64BA2C9E9B150034C920 /* GridSwiftUIUITests */,
				49BE649E2C9E9B140034C920 /* Products */,
			);
			sourceTree = "<group>";
		};
		49BE649E2C9E9B140034C920 /* Products */ = {
			isa = PBXGroup;
			children = (
				49BE649D2C9E9B140034C920 /* GridSwiftUI.app */,
				49BE64AD2C9E9B150034C920 /* GridSwiftUITests.xctest */,
				49BE64B72C9E9B150034C920 /* GridSwiftUIUITests.xctest */,
			);
			name = Products;
			sourceTree = "<group>";
		};
/* End PBXGroup section */

/* Begin PBXNativeTarget section */
		49BE649C2C9E9B140034C920 /* GridSwiftUI */ = {
			isa = PBXNativeTarget;
			buildConfigurationList = 49BE64C12C9E9B150034C920 /* Build configuration list for PBXNativeTarget "GridSwiftUI" */;
			buildPhases = (
				49BE64992C9E9B140034C920 /* Sources */,
				49BE649A2C9E9B140034C920 /* Frameworks */,
				49BE649B2C9E9B140034C920 /* Resources */,
			);
			buildRules = (
			);
			dependencies = (
			);
			fileSystemSynchronizedGroups = (
				49BE649F2C9E9B140034C920 /* GridSwiftUI */,
			);
			name = GridSwiftUI;
			packageProductDependencies = (
			);
			productName = GridSwiftUI;
			productReference = 49BE649D2C9E9B140034C920 /* GridSwiftUI.app */;
			productType = "com.apple.product-type.application";
		};
		49BE64AC2C9E9B150034C920 /* GridSwiftUITests */ = {
			isa = PBXNativeTarget;
			buildConfigurationList = 49BE64C42C9E9B150034C920 /* Build configuration list for PBXNativeTarget "GridSwiftUITests" */;
			buildPhases = (
				49BE64A92C9E9B150034C920 /* Sources */,
				49BE64AA2C9E9B150034C920 /* Frameworks */,
				49BE64AB2C9E9B150034C920 /* Resources */,
			);
			buildRules = (
			);
			dependencies = (
				49BE64AF2C9E9B150034C920 /* PBXTargetDependency */,
			);
			fileSystemSynchronizedGroups = (
				49BE64B02C9E9B150034C920 /* GridSwiftUITests */,
			);
			name = GridSwiftUITests;
			packageProductDependencies = (
			);
			productName = GridSwiftUITests;
			productReference = 49BE64AD2C9E9B150034C920 /* GridSwiftUITests.xctest */;
			productType = "com.apple.product-type.bundle.unit-test";
		};
		49BE64B62C9E9B150034C920 /* GridSwiftUIUITests */ = {
			isa = PBXNativeTarget;
			buildConfigurationList = 49BE64C72C9E9B150034C920 /* Build configuration list for PBXNativeTarget "GridSwiftUIUITests" */;
			buildPhases = (
				49BE64B32C9E9B150034C920 /* Sources */,
				49BE64B42C9E9B150034C920 /* Frameworks */,
				49BE64B52C9E9B150034C920 /* Resources */,
			);
			buildRules = (
			);
			dependencies = (
				49BE64B92C9E9B150034C920 /* PBXTargetDependency */,
			);
			fileSystemSynchronizedGroups = (
				49BE64BA2C9E9B150034C920 /* GridSwiftUIUITests */,
			);
			name = GridSwiftUIUITests;
			packageProductDependencies = (
			);
			productName = GridSwiftUIUITests;
			productReference = 49BE64B72C9E9B150034C920 /* GridSwiftUIUITests.xctest */;
			productType = "com.apple.product-type.bundle.ui-testing";
		};
/* End PBXNativeTarget section */

/* Begin PBXProject section */
		49BE64952C9E9B140034C920 /* Project object */ = {
			isa = PBXProject;
			attributes = {
				BuildIndependentTargetsInParallel = 1;
				LastSwiftUpdateCheck = 1600;
				LastUpgradeCheck = 1600;
				TargetAttributes = {
					49BE649C2C9E9B140034C920 = {
						CreatedOnToolsVersion = 16.0;
					};
					49BE64AC2C9E9B150034C920 = {
						CreatedOnToolsVersion = 16.0;
						TestTargetID = 49BE649C2C9E9B140034C920;
					};
					49BE64B62C9E9B150034C920 = {
						CreatedOnToolsVersion = 16.0;
						TestTargetID = 49BE649C2C9E9B140034C920;
					};
				};
			};
			buildConfigurationList = 49BE64982C9E9B140034C920 /* Build configuration list for PBXProject "GridSwiftUI" */;
			developmentRegion = en;
			hasScannedForEncodings = 0;
			knownRegions = (
				en,
				Base,
			);
			mainGroup = 49BE64942C9E9B140034C920;
			minimizedProjectReferenceProxies = 1;
			preferredProjectObjectVersion = 77;
			productRefGroup = 49BE649E2C9E9B140034C920 /* Products */;
			projectDirPath = "";
			projectRoot = "";
			targets = (
				49BE649C2C9E9B140034C920 /* GridSwiftUI */,
				49BE64AC2C9E9B150034C920 /* GridSwiftUITests */,
				49BE64B62C9E9B150034C920 /* GridSwiftUIUITests */,
			);
		};
/* End PBXProject section */

/* Begin PBXResourcesBuildPhase section */
		49BE649B2C9E9B140034C920 /* Resources */ = {
			isa = PBXResourcesBuildPhase;
			buildActionMask = 2147483647;
			files = (
			);
			runOnlyForDeploymentPostprocessing = 0;
		};
		49BE64AB2C9E9B150034C920 /* Resources */ = {
			isa = PBXResourcesBuildPhase;
			buildActionMask = 2147483647;
			files = (
			);
			runOnlyForDeploymentPostprocessing = 0;
		};
		49BE64B52C9E9B150034C920 /* Resources */ = {
			isa = PBXResourcesBuildPhase;
			buildActionMask = 2147483647;
			files = (
			);
			runOnlyForDeploymentPostprocessing = 0;
		};
/* End PBXResourcesBuildPhase section */

/* Begin PBXSourcesBuildPhase section */
		49BE64992C9E9B140034C920 /* Sources */ = {
			isa = PBXSourcesBuildPhase;
			buildActionMask = 2147483647;
			files = (
			);
			runOnlyForDeploymentPostprocessing = 0;
		};
		49BE64A92C9E9B150034C920 /* Sources */ = {
			isa = PBXSourcesBuildPhase;
			buildActionMask = 2147483647;
			files = (
			);
			runOnlyForDeploymentPostprocessing = 0;
		};
		49BE64B32C9E9B150034C920 /* Sources */ = {
			isa = PBXSourcesBuildPhase;
			buildActionMask = 2147483647;
			files = (
			);
			runOnlyForDeploymentPostprocessing = 0;
		};
/* End PBXSourcesBuildPhase section */

/* Begin PBXTargetDependency section */
		49BE64AF2C9E9B150034C920 /* PBXTargetDependency */ = {
			isa = PBXTargetDependency;
			target = 49BE649C2C9E9B140034C920 /* GridSwiftUI */;
			targetProxy = 49BE64AE2C9E9B150034C920 /* PBXContainerItemProxy */;
		};
		49BE64B92C9E9B150034C920 /* PBXTargetDependency */ = {
			isa = PBXTargetDependency;
			target = 49BE649C2C9E9B140034C920 /* GridSwiftUI */;
			targetProxy = 49BE64B82C9E9B150034C920 /* PBXContainerItemProxy */;
		};
/* End PBXTargetDependency section */

/* Begin XCBuildConfiguration section */
		49BE64BF2C9E9B150034C920 /* Debug */ = {
			isa = XCBuildConfiguration;
			buildSettings = {
				ALWAYS_SEARCH_USER_PATHS = NO;
				ASSETCATALOG_COMPILER_GENERATE_SWIFT_ASSET_SYMBOL_EXTENSIONS = YES;
				CLANG_ANALYZER_NONNULL = YES;
				CLANG_ANALYZER_NUMBER_OBJECT_CONVERSION = YES_AGGRESSIVE;
				CLANG_CXX_LANGUAGE_STANDARD = "gnu++20";
				CLANG_ENABLE_MODULES = YES;
				CLANG_ENABLE_OBJC_ARC = YES;
				CLANG_ENABLE_OBJC_WEAK = YES;
				CLANG_WARN_BLOCK_CAPTURE_AUTORELEASING = YES;
				CLANG_WARN_BOOL_CONVERSION = YES;
				CLANG_WARN_COMMA = YES;
				CLANG_WARN_CONSTANT_CONVERSION = YES;
				CLANG_WARN_DEPRECATED_OBJC_IMPLEMENTATIONS = YES;
				CLANG_WARN_DIRECT_OBJC_ISA_USAGE = YES_ERROR;
				CLANG_WARN_DOCUMENTATION_COMMENTS = YES;
				CLANG_WARN_EMPTY_BODY = YES;
				CLANG_WARN_ENUM_CONVERSION = YES;
				CLANG_WARN_INFINITE_RECURSION = YES;
				CLANG_WARN_INT_CONVERSION = YES;
				CLANG_WARN_NON_LITERAL_NULL_CONVERSION = YES;
				CLANG_WARN_OBJC_IMPLICIT_RETAIN_SELF = YES;
				CLANG_WARN_OBJC_LITERAL_CONVERSION = YES;
				CLANG_WARN_OBJC_ROOT_CLASS = YES_ERROR;
				CLANG_WARN_QUOTED_INCLUDE_IN_FRAMEWORK_HEADER = YES;
				CLANG_WARN_RANGE_LOOP_ANALYSIS = YES;
				CLANG_WARN_STRICT_PROTOTYPES = YES;
				CLANG_WARN_SUSPICIOUS_MOVE = YES;
				CLANG_WARN_UNGUARDED_AVAILABILITY = YES_AGGRESSIVE;
				CLANG_WARN_UNREACHABLE_CODE = YES;
				CLANG_WARN__DUPLICATE_METHOD_MATCH = YES;
				COPY_PHASE_STRIP = NO;
				DEBUG_INFORMATION_FORMAT = dwarf;
				ENABLE_STRICT_OBJC_MSGSEND = YES;
				ENABLE_TESTABILITY = YES;
				ENABLE_USER_SCRIPT_SANDBOXING = YES;
				GCC_C_LANGUAGE_STANDARD = gnu17;
				GCC_DYNAMIC_NO_PIC = NO;
				GCC_NO_COMMON_BLOCKS = YES;
				GCC_OPTIMIZATION_LEVEL = 0;
				GCC_PREPROCESSOR_DEFINITIONS = (
					"DEBUG=1",
					"$(inherited)",
				);
				GCC_WARN_64_TO_32_BIT_CONVERSION = YES;
				GCC_WARN_ABOUT_RETURN_TYPE = YES_ERROR;
				GCC_WARN_UNDECLARED_SELECTOR = YES;
				GCC_WARN_UNINITIALIZED_AUTOS = YES_AGGRESSIVE;
				GCC_WARN_UNUSED_FUNCTION = YES;
				GCC_WARN_UNUSED_VARIABLE = YES;
				IPHONEOS_DEPLOYMENT_TARGET = 18.0;
				LOCALIZATION_PREFERS_STRING_CATALOGS = YES;
				MTL_ENABLE_DEBUG_INFO = INCLUDE_SOURCE;
				MTL_FAST_MATH = YES;
				ONLY_ACTIVE_ARCH = YES;
				SDKROOT = iphoneos;
				SWIFT_ACTIVE_COMPILATION_CONDITIONS = "DEBUG $(inherited)";
				SWIFT_OPTIMIZATION_LEVEL = "-Onone";
			};
			name = Debug;
		};
		49BE64C02C9E9B150034C920 /* Release */ = {
			isa = XCBuildConfiguration;
			buildSettings = {
				ALWAYS_SEARCH_USER_PATHS = NO;
				ASSETCATALOG_COMPILER_GENERATE_SWIFT_ASSET_SYMBOL_EXTENSIONS = YES;
				CLANG_ANALYZER_NONNULL = YES;
				CLANG_ANALYZER_NUMBER_OBJECT_CONVERSION = YES_AGGRESSIVE;
				CLANG_CXX_LANGUAGE_STANDARD = "gnu++20";
				CLANG_ENABLE_MODULES = YES;
				CLANG_ENABLE_OBJC_ARC = YES;
				CLANG_ENABLE_OBJC_WEAK = YES;
				CLANG_WARN_BLOCK_CAPTURE_AUTORELEASING = YES;
				CLANG_WARN_BOOL_CONVERSION = YES;
				CLANG_WARN_COMMA = YES;
				CLANG_WARN_CONSTANT_CONVERSION = YES;
				CLANG_WARN_DEPRECATED_OBJC_IMPLEMENTATIONS = YES;
				CLANG_WARN_DIRECT_OBJC_ISA_USAGE = YES_ERROR;
				CLANG_WARN_DOCUMENTATION_COMMENTS = YES;
				CLANG_WARN_EMPTY_BODY = YES;
				CLANG_WARN_ENUM_CONVERSION = YES;
				CLANG_WARN_INFINITE_RECURSION = YES;
				CLANG_WARN_INT_CONVERSION = YES;
				CLANG_WARN_NON_LITERAL_NULL_CONVERSION = YES;
				CLANG_WARN_OBJC_IMPLICIT_RETAIN_SELF = YES;
				CLANG_WARN_OBJC_LITERAL_CONVERSION = YES;
				CLANG_WARN_OBJC_ROOT_CLASS = YES_ERROR;
				CLANG_WARN_QUOTED_INCLUDE_IN_FRAMEWORK_HEADER = YES;
				CLANG_WARN_RANGE_LOOP_ANALYSIS = YES;
				CLANG_WARN_STRICT_PROTOTYPES = YES;
				CLANG_WARN_SUSPICIOUS_MOVE = YES;
				CLANG_WARN_UNGUARDED_AVAILABILITY = YES_AGGRESSIVE;
				CLANG_WARN_UNREACHABLE_CODE = YES;
				CLANG_WARN__DUPLICATE_METHOD_MATCH = YES;
				COPY_PHASE_STRIP = NO;
				DEBUG_INFORMATION_FORMAT = "dwarf-with-dsym";
				ENABLE_NS_ASSERTIONS = NO;
				ENABLE_STRICT_OBJC_MSGSEND = YES;
				ENABLE_USER_SCRIPT_SANDBOXING = YES;
				GCC_C_LANGUAGE_STANDARD = gnu17;
				GCC_NO_COMMON_BLOCKS = YES;
				GCC_WARN_64_TO_32_BIT_CONVERSION = YES;
				GCC_WARN_ABOUT_RETURN_TYPE = YES_ERROR;
				GCC_WARN_UNDECLARED_SELECTOR = YES;
				GCC_WARN_UNINITIALIZED_AUTOS = YES_AGGRESSIVE;
				GCC_WARN_UNUSED_FUNCTION = YES;
				GCC_WARN_UNUSED_VARIABLE = YES;
				IPHONEOS_DEPLOYMENT_TARGET = 18.0;
				LOCALIZATION_PREFERS_STRING_CATALOGS = YES;
				MTL_ENABLE_DEBUG_INFO = NO;
				MTL_FAST_MATH = YES;
				SDKROOT = iphoneos;
				SWIFT_COMPILATION_MODE = wholemodule;
				VALIDATE_PRODUCT = YES;
			};
			name = Release;
		};
		49BE64C22C9E9B150034C920 /* Debug */ = {
			isa = XCBuildConfiguration;
			buildSettings = {
				ASSETCATALOG_COMPILER_APPICON_NAME = AppIcon;
				ASSETCATALOG_COMPILER_GLOBAL_ACCENT_COLOR_NAME = AccentColor;
				CODE_SIGN_STYLE = Automatic;
				CURRENT_PROJECT_VERSION = 1;
				DEVELOPMENT_ASSET_PATHS = "\"GridSwiftUI/Preview Content\"";
				DEVELOPMENT_TEAM = LUQZLRGR39;
				ENABLE_PREVIEWS = YES;
				GENERATE_INFOPLIST_FILE = YES;
				INFOPLIST_KEY_UIApplicationSceneManifest_Generation = YES;
				INFOPLIST_KEY_UIApplicationSupportsIndirectInputEvents = YES;
				INFOPLIST_KEY_UILaunchScreen_Generation = YES;
				INFOPLIST_KEY_UISupportedInterfaceOrientations_iPad = "UIInterfaceOrientationPortrait UIInterfaceOrientationPortraitUpsideDown UIInterfaceOrientationLandscapeLeft UIInterfaceOrientationLandscapeRight";
				INFOPLIST_KEY_UISupportedInterfaceOrientations_iPhone = "UIInterfaceOrientationPortrait UIInterfaceOrientationLandscapeLeft UIInterfaceOrientationLandscapeRight";
				LD_RUNPATH_SEARCH_PATHS = (
					"$(inherited)",
					"@executable_path/Frameworks",
				);
				MARKETING_VERSION = 1.0;
				PRODUCT_BUNDLE_IDENTIFIER = com.sezeromer.GridSwiftUI;
				PRODUCT_NAME = "$(TARGET_NAME)";
				SWIFT_EMIT_LOC_STRINGS = YES;
				SWIFT_VERSION = 5.0;
				TARGETED_DEVICE_FAMILY = "1,2";
			};
			name = Debug;
		};
		49BE64C32C9E9B150034C920 /* Release */ = {
			isa = XCBuildConfiguration;
			buildSettings = {
				ASSETCATALOG_COMPILER_APPICON_NAME = AppIcon;
				ASSETCATALOG_COMPILER_GLOBAL_ACCENT_COLOR_NAME = AccentColor;
				CODE_SIGN_STYLE = Automatic;
				CURRENT_PROJECT_VERSION = 1;
				DEVELOPMENT_ASSET_PATHS = "\"GridSwiftUI/Preview Content\"";
				DEVELOPMENT_TEAM = LUQZLRGR39;
				ENABLE_PREVIEWS = YES;
				GENERATE_INFOPLIST_FILE = YES;
				INFOPLIST_KEY_UIApplicationSceneManifest_Generation = YES;
				INFOPLIST_KEY_UIApplicationSupportsIndirectInputEvents = YES;
				INFOPLIST_KEY_UILaunchScreen_Generation = YES;
				INFOPLIST_KEY_UISupportedInterfaceOrientations_iPad = "UIInterfaceOrientationPortrait UIInterfaceOrientationPortraitUpsideDown UIInterfaceOrientationLandscapeLeft UIInterfaceOrientationLandscapeRight";
				INFOPLIST_KEY_UISupportedInterfaceOrientations_iPhone = "UIInterfaceOrientationPortrait UIInterfaceOrientationLandscapeLeft UIInterfaceOrientationLandscapeRight";
				LD_RUNPATH_SEARCH_PATHS = (
					"$(inherited)",
					"@executable_path/Frameworks",
				);
				MARKETING_VERSION = 1.0;
				PRODUCT_BUNDLE_IDENTIFIER = com.sezeromer.GridSwiftUI;
				PRODUCT_NAME = "$(TARGET_NAME)";
				SWIFT_EMIT_LOC_STRINGS = YES;
				SWIFT_VERSION = 5.0;
				TARGETED_DEVICE_FAMILY = "1,2";
			};
			name = Release;
		};
		49BE64C52C9E9B150034C920 /* Debug */ = {
			isa = XCBuildConfiguration;
			buildSettings = {
				BUNDLE_LOADER = "$(TEST_HOST)";
				CODE_SIGN_STYLE = Automatic;
				CURRENT_PROJECT_VERSION = 1;
				DEVELOPMENT_TEAM = LUQZLRGR39;
				GENERATE_INFOPLIST_FILE = YES;
				IPHONEOS_DEPLOYMENT_TARGET = 18.0;
				MARKETING_VERSION = 1.0;
				PRODUCT_BUNDLE_IDENTIFIER = com.sezeromer.GridSwiftUITests;
				PRODUCT_NAME = "$(TARGET_NAME)";
				SWIFT_EMIT_LOC_STRINGS = NO;
				SWIFT_VERSION = 5.0;
				TARGETED_DEVICE_FAMILY = "1,2";
				TEST_HOST = "$(BUILT_PRODUCTS_DIR)/GridSwiftUI.app/$(BUNDLE_EXECUTABLE_FOLDER_PATH)/GridSwiftUI";
			};
			name = Debug;
		};
		49BE64C62C9E9B150034C920 /* Release */ = {
			isa = XCBuildConfiguration;
			buildSettings = {
				BUNDLE_LOADER = "$(TEST_HOST)";
				CODE_SIGN_STYLE = Automatic;
				CURRENT_PROJECT_VERSION = 1;
				DEVELOPMENT_TEAM = LUQZLRGR39;
				GENERATE_INFOPLIST_FILE = YES;
				IPHONEOS_DEPLOYMENT_TARGET = 18.0;
				MARKETING_VERSION = 1.0;
				PRODUCT_BUNDLE_IDENTIFIER = com.sezeromer.GridSwiftUITests;
				PRODUCT_NAME = "$(TARGET_NAME)";
				SWIFT_EMIT_LOC_STRINGS = NO;
				SWIFT_VERSION = 5.0;
				TARGETED_DEVICE_FAMILY = "1,2";
				TEST_HOST = "$(BUILT_PRODUCTS_DIR)/GridSwiftUI.app/$(BUNDLE_EXECUTABLE_FOLDER_PATH)/GridSwiftUI";
			};
			name = Release;
		};
		49BE64C82C9E9B150034C920 /* Debug */ = {
			isa = XCBuildConfiguration;
			buildSettings = {
				CODE_SIGN_STYLE = Automatic;
				CURRENT_PROJECT_VERSION = 1;
				DEVELOPMENT_TEAM = LUQZLRGR39;
				GENERATE_INFOPLIST_FILE = YES;
				MARKETING_VERSION = 1.0;
				PRODUCT_BUNDLE_IDENTIFIER = com.sezeromer.GridSwiftUIUITests;
				PRODUCT_NAME = "$(TARGET_NAME)";
				SWIFT_EMIT_LOC_STRINGS = NO;
				SWIFT_VERSION = 5.0;
				TARGETED_DEVICE_FAMILY = "1,2";
				TEST_TARGET_NAME = GridSwiftUI;
			};
			name = Debug;
		};
		49BE64C92C9E9B150034C920 /* Release */ = {
			isa = XCBuildConfiguration;
			buildSettings = {
				CODE_SIGN_STYLE = Automatic;
				CURRENT_PROJECT_VERSION = 1;
				DEVELOPMENT_TEAM = LUQZLRGR39;
				GENERATE_INFOPLIST_FILE = YES;
				MARKETING_VERSION = 1.0;
				PRODUCT_BUNDLE_IDENTIFIER = com.sezeromer.GridSwiftUIUITests;
				PRODUCT_NAME = "$(TARGET_NAME)";
				SWIFT_EMIT_LOC_STRINGS = NO;
				SWIFT_VERSION = 5.0;
				TARGETED_DEVICE_FAMILY = "1,2";
				TEST_TARGET_NAME = GridSwiftUI;
			};
			name = Release;
		};
/* End XCBuildConfiguration section */

/* Begin XCConfigurationList section */
		49BE64982C9E9B140034C920 /* Build configuration list for PBXProject "GridSwiftUI" */ = {
			isa = XCConfigurationList;
			buildConfigurations = (
				49BE64BF2C9E9B150034C920 /* Debug */,
				49BE64C02C9E9B150034C920 /* Release */,
			);
			defaultConfigurationIsVisible = 0;
			defaultConfigurationName = Release;
		};
		49BE64C12C9E9B150034C920 /* Build configuration list for PBXNativeTarget "GridSwiftUI" */ = {
			isa = XCConfigurationList;
			buildConfigurations = (
				49BE64C22C9E9B150034C920 /* Debug */,
				49BE64C32C9E9B150034C920 /* Release */,
			);
			defaultConfigurationIsVisible = 0;
			defaultConfigurationName = Release;
		};
		49BE64C42C9E9B150034C920 /* Build configuration list for PBXNativeTarget "GridSwiftUITests" */ = {
			isa = XCConfigurationList;
			buildConfigurations = (
				49BE64C52C9E9B150034C920 /* Debug */,
				49BE64C62C9E9B150034C920 /* Release */,
			);
			defaultConfigurationIsVisible = 0;
			defaultConfigurationName = Release;
		};
		49BE64C72C9E9B150034C920 /* Build configuration list for PBXNativeTarget "GridSwiftUIUITests" */ = {
			isa = XCConfigurationList;
			buildConfigurations = (
				49BE64C82C9E9B150034C920 /* Debug */,
				49BE64C92C9E9B150034C920 /* Release */,
			);
			defaultConfigurationIsVisible = 0;
			defaultConfigurationName = Release;
		};
/* End XCConfigurationList section */
	};
	rootObject = 49BE64952C9E9B140034C920 /* Project object */;
}
