// !$*UTF8*$!
{
	archiveVersion = 1;
	classes = {
	};
	objectVersion = 77;
	objects = {

/* Begin PBXContainerItemProxy section */
		49BE651D2CA06F040034C920 /* PBXContainerItemProxy */ = {
			isa = PBXContainerItemProxy;
			containerPortal = 49BE65042CA06F020034C920 /* Project object */;
			proxyType = 1;
			remoteGlobalIDString = 49BE650B2CA06F020034C920;
			remoteInfo = LearnSwiftUI;
		};
		49BE65272CA06F040034C920 /* PBXContainerItemProxy */ = {
			isa = PBXContainerItemProxy;
			containerPortal = 49BE65042CA06F020034C920 /* Project object */;
			proxyType = 1;
			remoteGlobalIDString = 49BE650B2CA06F020034C920;
			remoteInfo = LearnSwiftUI;
		};
/* End PBXContainerItemProxy section */

/* Begin PBXFileReference section */
		49BE650C2CA06F020034C920 /* LearnSwiftUI.app */ = {isa = PBXFileReference; explicitFileType = wrapper.application; includeInIndex = 0; path = LearnSwiftUI.app; sourceTree = BUILT_PRODUCTS_DIR; };
		49BE651C2CA06F040034C920 /* LearnSwiftUITests.xctest */ = {isa = PBXFileReference; explicitFileType = wrapper.cfbundle; includeInIndex = 0; path = LearnSwiftUITests.xctest; sourceTree = BUILT_PRODUCTS_DIR; };
		49BE65262CA06F040034C920 /* LearnSwiftUIUITests.xctest */ = {isa = PBXFileReference; explicitFileType = wrapper.cfbundle; includeInIndex = 0; path = LearnSwiftUIUITests.xctest; sourceTree = BUILT_PRODUCTS_DIR; };
/* End PBXFileReference section */

/* Begin PBXFileSystemSynchronizedRootGroup section */
		49BE650E2CA06F020034C920 /* LearnSwiftUI */ = {
			isa = PBXFileSystemSynchronizedRootGroup;
			path = LearnSwiftUI;
			sourceTree = "<group>";
		};
		49BE651F2CA06F040034C920 /* LearnSwiftUITests */ = {
			isa = PBXFileSystemSynchronizedRootGroup;
			path = LearnSwiftUITests;
			sourceTree = "<group>";
		};
		49BE65292CA06F040034C920 /* LearnSwiftUIUITests */ = {
			isa = PBXFileSystemSynchronizedRootGroup;
			path = LearnSwiftUIUITests;
			sourceTree = "<group>";
		};
/* End PBXFileSystemSynchronizedRootGroup section */

/* Begin PBXFrameworksBuildPhase section */
		49BE65092CA06F020034C920 /* Frameworks */ = {
			isa = PBXFrameworksBuildPhase;
			buildActionMask = 2147483647;
			files = (
			);
			runOnlyForDeploymentPostprocessing = 0;
		};
		49BE65192CA06F040034C920 /* Frameworks */ = {
			isa = PBXFrameworksBuildPhase;
			buildActionMask = 2147483647;
			files = (
			);
			runOnlyForDeploymentPostprocessing = 0;
		};
		49BE65232CA06F040034C920 /* Frameworks */ = {
			isa = PBXFrameworksBuildPhase;
			buildActionMask = 2147483647;
			files = (
			);
			runOnlyForDeploymentPostprocessing = 0;
		};
/* End PBXFrameworksBuildPhase section */

/* Begin PBXGroup section */
		49BE65032CA06F020034C920 = {
			isa = PBXGroup;
			children = (
				49BE650E2CA06F020034C920 /* LearnSwiftUI */,
				49BE651F2CA06F040034C920 /* LearnSwiftUITests */,
				49BE65292CA06F040034C920 /* LearnSwiftUIUITests */,
				49BE650D2CA06F020034C920 /* Products */,
			);
			sourceTree = "<group>";
		};
		49BE650D2CA06F020034C920 /* Products */ = {
			isa = PBXGroup;
			children = (
				49BE650C2CA06F020034C920 /* LearnSwiftUI.app */,
				49BE651C2CA06F040034C920 /* LearnSwiftUITests.xctest */,
				49BE65262CA06F040034C920 /* LearnSwiftUIUITests.xctest */,
			);
			name = Products;
			sourceTree = "<group>";
		};
/* End PBXGroup section */

/* Begin PBXNativeTarget section */
		49BE650B2CA06F020034C920 /* LearnSwiftUI */ = {
			isa = PBXNativeTarget;
			buildConfigurationList = 49BE65302CA06F040034C920 /* Build configuration list for PBXNativeTarget "LearnSwiftUI" */;
			buildPhases = (
				49BE65082CA06F020034C920 /* Sources */,
				49BE65092CA06F020034C920 /* Frameworks */,
				49BE650A2CA06F020034C920 /* Resources */,
			);
			buildRules = (
			);
			dependencies = (
			);
			fileSystemSynchronizedGroups = (
				49BE650E2CA06F020034C920 /* LearnSwiftUI */,
			);
			name = LearnSwiftUI;
			packageProductDependencies = (
			);
			productName = LearnSwiftUI;
			productReference = 49BE650C2CA06F020034C920 /* LearnSwiftUI.app */;
			productType = "com.apple.product-type.application";
		};
		49BE651B2CA06F040034C920 /* LearnSwiftUITests */ = {
			isa = PBXNativeTarget;
			buildConfigurationList = 49BE65332CA06F040034C920 /* Build configuration list for PBXNativeTarget "LearnSwiftUITests" */;
			buildPhases = (
				49BE65182CA06F040034C920 /* Sources */,
				49BE65192CA06F040034C920 /* Frameworks */,
				49BE651A2CA06F040034C920 /* Resources */,
			);
			buildRules = (
			);
			dependencies = (
				49BE651E2CA06F040034C920 /* PBXTargetDependency */,
			);
			fileSystemSynchronizedGroups = (
				49BE651F2CA06F040034C920 /* LearnSwiftUITests */,
			);
			name = LearnSwiftUITests;
			packageProductDependencies = (
			);
			productName = LearnSwiftUITests;
			productReference = 49BE651C2CA06F040034C920 /* LearnSwiftUITests.xctest */;
			productType = "com.apple.product-type.bundle.unit-test";
		};
		49BE65252CA06F040034C920 /* LearnSwiftUIUITests */ = {
			isa = PBXNativeTarget;
			buildConfigurationList = 49BE65362CA06F040034C920 /* Build configuration list for PBXNativeTarget "LearnSwiftUIUITests" */;
			buildPhases = (
				49BE65222CA06F040034C920 /* Sources */,
				49BE65232CA06F040034C920 /* Frameworks */,
				49BE65242CA06F040034C920 /* Resources */,
			);
			buildRules = (
			);
			dependencies = (
				49BE65282CA06F040034C920 /* PBXTargetDependency */,
			);
			fileSystemSynchronizedGroups = (
				49BE65292CA06F040034C920 /* LearnSwiftUIUITests */,
			);
			name = LearnSwiftUIUITests;
			packageProductDependencies = (
			);
			productName = LearnSwiftUIUITests;
			productReference = 49BE65262CA06F040034C920 /* LearnSwiftUIUITests.xctest */;
			productType = "com.apple.product-type.bundle.ui-testing";
		};
/* End PBXNativeTarget section */

/* Begin PBXProject section */
		49BE65042CA06F020034C920 /* Project object */ = {
			isa = PBXProject;
			attributes = {
				BuildIndependentTargetsInParallel = 1;
				LastSwiftUpdateCheck = 1600;
				LastUpgradeCheck = 1600;
				TargetAttributes = {
					49BE650B2CA06F020034C920 = {
						CreatedOnToolsVersion = 16.0;
					};
					49BE651B2CA06F040034C920 = {
						CreatedOnToolsVersion = 16.0;
						TestTargetID = 49BE650B2CA06F020034C920;
					};
					49BE65252CA06F040034C920 = {
						CreatedOnToolsVersion = 16.0;
						TestTargetID = 49BE650B2CA06F020034C920;
					};
				};
			};
			buildConfigurationList = 49BE65072CA06F020034C920 /* Build configuration list for PBXProject "LearnSwiftUI" */;
			developmentRegion = en;
			hasScannedForEncodings = 0;
			knownRegions = (
				en,
				Base,
			);
			mainGroup = 49BE65032CA06F020034C920;
			minimizedProjectReferenceProxies = 1;
			preferredProjectObjectVersion = 77;
			productRefGroup = 49BE650D2CA06F020034C920 /* Products */;
			projectDirPath = "";
			projectRoot = "";
			targets = (
				49BE650B2CA06F020034C920 /* LearnSwiftUI */,
				49BE651B2CA06F040034C920 /* LearnSwiftUITests */,
				49BE65252CA06F040034C920 /* LearnSwiftUIUITests */,
			);
		};
/* End PBXProject section */

/* Begin PBXResourcesBuildPhase section */
		49BE650A2CA06F020034C920 /* Resources */ = {
			isa = PBXResourcesBuildPhase;
			buildActionMask = 2147483647;
			files = (
			);
			runOnlyForDeploymentPostprocessing = 0;
		};
		49BE651A2CA06F040034C920 /* Resources */ = {
			isa = PBXResourcesBuildPhase;
			buildActionMask = 2147483647;
			files = (
			);
			runOnlyForDeploymentPostprocessing = 0;
		};
		49BE65242CA06F040034C920 /* Resources */ = {
			isa = PBXResourcesBuildPhase;
			buildActionMask = 2147483647;
			files = (
			);
			runOnlyForDeploymentPostprocessing = 0;
		};
/* End PBXResourcesBuildPhase section */

/* Begin PBXSourcesBuildPhase section */
		49BE65082CA06F020034C920 /* Sources */ = {
			isa = PBXSourcesBuildPhase;
			buildActionMask = 2147483647;
			files = (
			);
			runOnlyForDeploymentPostprocessing = 0;
		};
		49BE65182CA06F040034C920 /* Sources */ = {
			isa = PBXSourcesBuildPhase;
			buildActionMask = 2147483647;
			files = (
			);
			runOnlyForDeploymentPostprocessing = 0;
		};
		49BE65222CA06F040034C920 /* Sources */ = {
			isa = PBXSourcesBuildPhase;
			buildActionMask = 2147483647;
			files = (
			);
			runOnlyForDeploymentPostprocessing = 0;
		};
/* End PBXSourcesBuildPhase section */

/* Begin PBXTargetDependency section */
		49BE651E2CA06F040034C920 /* PBXTargetDependency */ = {
			isa = PBXTargetDependency;
			target = 49BE650B2CA06F020034C920 /* LearnSwiftUI */;
			targetProxy = 49BE651D2CA06F040034C920 /* PBXContainerItemProxy */;
		};
		49BE65282CA06F040034C920 /* PBXTargetDependency */ = {
			isa = PBXTargetDependency;
			target = 49BE650B2CA06F020034C920 /* LearnSwiftUI */;
			targetProxy = 49BE65272CA06F040034C920 /* PBXContainerItemProxy */;
		};
/* End PBXTargetDependency section */

/* Begin XCBuildConfiguration section */
		49BE652E2CA06F040034C920 /* Debug */ = {
			isa = XCBuildConfiguration;
			buildSettings = {
				ALWAYS_SEARCH_USER_PATHS = NO;
				ASSETCATALOG_COMPILER_GENERATE_SWIFT_ASSET_SYMBOL_EXTENSIONS = YES;
				CLANG_ANALYZER_NONNULL = YES;
				CLANG_ANALYZER_NUMBER_OBJECT_CONVERSION = YES_AGGRESSIVE;
				CLANG_CXX_LANGUAGE_STANDARD = "gnu++20";
				CLANG_ENABLE_MODULES = YES;
				CLANG_ENABLE_OBJC_ARC = YES;
				CLANG_ENABLE_OBJC_WEAK = YES;
				CLANG_WARN_BLOCK_CAPTURE_AUTORELEASING = YES;
				CLANG_WARN_BOOL_CONVERSION = YES;
				CLANG_WARN_COMMA = YES;
				CLANG_WARN_CONSTANT_CONVERSION = YES;
				CLANG_WARN_DEPRECATED_OBJC_IMPLEMENTATIONS = YES;
				CLANG_WARN_DIRECT_OBJC_ISA_USAGE = YES_ERROR;
				CLANG_WARN_DOCUMENTATION_COMMENTS = YES;
				CLANG_WARN_EMPTY_BODY = YES;
				CLANG_WARN_ENUM_CONVERSION = YES;
				CLANG_WARN_INFINITE_RECURSION = YES;
				CLANG_WARN_INT_CONVERSION = YES;
				CLANG_WARN_NON_LITERAL_NULL_CONVERSION = YES;
				CLANG_WARN_OBJC_IMPLICIT_RETAIN_SELF = YES;
				CLANG_WARN_OBJC_LITERAL_CONVERSION = YES;
				CLANG_WARN_OBJC_ROOT_CLASS = YES_ERROR;
				CLANG_WARN_QUOTED_INCLUDE_IN_FRAMEWORK_HEADER = YES;
				CLANG_WARN_RANGE_LOOP_ANALYSIS = YES;
				CLANG_WARN_STRICT_PROTOTYPES = YES;
				CLANG_WARN_SUSPICIOUS_MOVE = YES;
				CLANG_WARN_UNGUARDED_AVAILABILITY = YES_AGGRESSIVE;
				CLANG_WARN_UNREACHABLE_CODE = YES;
				CLANG_WARN__DUPLICATE_METHOD_MATCH = YES;
				COPY_PHASE_STRIP = NO;
				DEBUG_INFORMATION_FORMAT = dwarf;
				ENABLE_STRICT_OBJC_MSGSEND = YES;
				ENABLE_TESTABILITY = YES;
				ENABLE_USER_SCRIPT_SANDBOXING = YES;
				GCC_C_LANGUAGE_STANDARD = gnu17;
				GCC_DYNAMIC_NO_PIC = NO;
				GCC_NO_COMMON_BLOCKS = YES;
				GCC_OPTIMIZATION_LEVEL = 0;
				GCC_PREPROCESSOR_DEFINITIONS = (
					"DEBUG=1",
					"$(inherited)",
				);
				GCC_WARN_64_TO_32_BIT_CONVERSION = YES;
				GCC_WARN_ABOUT_RETURN_TYPE = YES_ERROR;
				GCC_WARN_UNDECLARED_SELECTOR = YES;
				GCC_WARN_UNINITIALIZED_AUTOS = YES_AGGRESSIVE;
				GCC_WARN_UNUSED_FUNCTION = YES;
				GCC_WARN_UNUSED_VARIABLE = YES;
				IPHONEOS_DEPLOYMENT_TARGET = 18.0;
				LOCALIZATION_PREFERS_STRING_CATALOGS = YES;
				MTL_ENABLE_DEBUG_INFO = INCLUDE_SOURCE;
				MTL_FAST_MATH = YES;
				ONLY_ACTIVE_ARCH = YES;
				SDKROOT = iphoneos;
				SWIFT_ACTIVE_COMPILATION_CONDITIONS = "DEBUG $(inherited)";
				SWIFT_OPTIMIZATION_LEVEL = "-Onone";
			};
			name = Debug;
		};
		49BE652F2CA06F040034C920 /* Release */ = {
			isa = XCBuildConfiguration;
			buildSettings = {
				ALWAYS_SEARCH_USER_PATHS = NO;
				ASSETCATALOG_COMPILER_GENERATE_SWIFT_ASSET_SYMBOL_EXTENSIONS = YES;
				CLANG_ANALYZER_NONNULL = YES;
				CLANG_ANALYZER_NUMBER_OBJECT_CONVERSION = YES_AGGRESSIVE;
				CLANG_CXX_LANGUAGE_STANDARD = "gnu++20";
				CLANG_ENABLE_MODULES = YES;
				CLANG_ENABLE_OBJC_ARC = YES;
				CLANG_ENABLE_OBJC_WEAK = YES;
				CLANG_WARN_BLOCK_CAPTURE_AUTORELEASING = YES;
				CLANG_WARN_BOOL_CONVERSION = YES;
				CLANG_WARN_COMMA = YES;
				CLANG_WARN_CONSTANT_CONVERSION = YES;
				CLANG_WARN_DEPRECATED_OBJC_IMPLEMENTATIONS = YES;
				CLANG_WARN_DIRECT_OBJC_ISA_USAGE = YES_ERROR;
				CLANG_WARN_DOCUMENTATION_COMMENTS = YES;
				CLANG_WARN_EMPTY_BODY = YES;
				CLANG_WARN_ENUM_CONVERSION = YES;
				CLANG_WARN_INFINITE_RECURSION = YES;
				CLANG_WARN_INT_CONVERSION = YES;
				CLANG_WARN_NON_LITERAL_NULL_CONVERSION = YES;
				CLANG_WARN_OBJC_IMPLICIT_RETAIN_SELF = YES;
				CLANG_WARN_OBJC_LITERAL_CONVERSION = YES;
				CLANG_WARN_OBJC_ROOT_CLASS = YES_ERROR;
				CLANG_WARN_QUOTED_INCLUDE_IN_FRAMEWORK_HEADER = YES;
				CLANG_WARN_RANGE_LOOP_ANALYSIS = YES;
				CLANG_WARN_STRICT_PROTOTYPES = YES;
				CLANG_WARN_SUSPICIOUS_MOVE = YES;
				CLANG_WARN_UNGUARDED_AVAILABILITY = YES_AGGRESSIVE;
				CLANG_WARN_UNREACHABLE_CODE = YES;
				CLANG_WARN__DUPLICATE_METHOD_MATCH = YES;
				COPY_PHASE_STRIP = NO;
				DEBUG_INFORMATION_FORMAT = "dwarf-with-dsym";
				ENABLE_NS_ASSERTIONS = NO;
				ENABLE_STRICT_OBJC_MSGSEND = YES;
				ENABLE_USER_SCRIPT_SANDBOXING = YES;
				GCC_C_LANGUAGE_STANDARD = gnu17;
				GCC_NO_COMMON_BLOCKS = YES;
				GCC_WARN_64_TO_32_BIT_CONVERSION = YES;
				GCC_WARN_ABOUT_RETURN_TYPE = YES_ERROR;
				GCC_WARN_UNDECLARED_SELECTOR = YES;
				GCC_WARN_UNINITIALIZED_AUTOS = YES_AGGRESSIVE;
				GCC_WARN_UNUSED_FUNCTION = YES;
				GCC_WARN_UNUSED_VARIABLE = YES;
				IPHONEOS_DEPLOYMENT_TARGET = 18.0;
				LOCALIZATION_PREFERS_STRING_CATALOGS = YES;
				MTL_ENABLE_DEBUG_INFO = NO;
				MTL_FAST_MATH = YES;
				SDKROOT = iphoneos;
				SWIFT_COMPILATION_MODE = wholemodule;
				VALIDATE_PRODUCT = YES;
			};
			name = Release;
		};
		49BE65312CA06F040034C920 /* Debug */ = {
			isa = XCBuildConfiguration;
			buildSettings = {
				ASSETCATALOG_COMPILER_APPICON_NAME = AppIcon;
				ASSETCATALOG_COMPILER_GLOBAL_ACCENT_COLOR_NAME = AccentColor;
				CODE_SIGN_STYLE = Automatic;
				CURRENT_PROJECT_VERSION = 1;
				DEVELOPMENT_ASSET_PATHS = "\"LearnSwiftUI/Preview Content\"";
				DEVELOPMENT_TEAM = LUQZLRGR39;
				ENABLE_PREVIEWS = YES;
				GENERATE_INFOPLIST_FILE = YES;
				INFOPLIST_KEY_UIApplicationSceneManifest_Generation = YES;
				INFOPLIST_KEY_UIApplicationSupportsIndirectInputEvents = YES;
				INFOPLIST_KEY_UILaunchScreen_Generation = YES;
				INFOPLIST_KEY_UISupportedInterfaceOrientations_iPad = "UIInterfaceOrientationPortrait UIInterfaceOrientationPortraitUpsideDown UIInterfaceOrientationLandscapeLeft UIInterfaceOrientationLandscapeRight";
				INFOPLIST_KEY_UISupportedInterfaceOrientations_iPhone = "UIInterfaceOrientationPortrait UIInterfaceOrientationLandscapeLeft UIInterfaceOrientationLandscapeRight";
				LD_RUNPATH_SEARCH_PATHS = (
					"$(inherited)",
					"@executable_path/Frameworks",
				);
				MARKETING_VERSION = 1.0;
				PRODUCT_BUNDLE_IDENTIFIER = com.sezeromer.LearnSwiftUI;
				PRODUCT_NAME = "$(TARGET_NAME)";
				SWIFT_EMIT_LOC_STRINGS = YES;
				SWIFT_VERSION = 5.0;
				TARGETED_DEVICE_FAMILY = "1,2";
			};
			name = Debug;
		};
		49BE65322CA06F040034C920 /* Release */ = {
			isa = XCBuildConfiguration;
			buildSettings = {
				ASSETCATALOG_COMPILER_APPICON_NAME = AppIcon;
				ASSETCATALOG_COMPILER_GLOBAL_ACCENT_COLOR_NAME = AccentColor;
				CODE_SIGN_STYLE = Automatic;
				CURRENT_PROJECT_VERSION = 1;
				DEVELOPMENT_ASSET_PATHS = "\"LearnSwiftUI/Preview Content\"";
				DEVELOPMENT_TEAM = LUQZLRGR39;
				ENABLE_PREVIEWS = YES;
				GENERATE_INFOPLIST_FILE = YES;
				INFOPLIST_KEY_UIApplicationSceneManifest_Generation = YES;
				INFOPLIST_KEY_UIApplicationSupportsIndirectInputEvents = YES;
				INFOPLIST_KEY_UILaunchScreen_Generation = YES;
				INFOPLIST_KEY_UISupportedInterfaceOrientations_iPad = "UIInterfaceOrientationPortrait UIInterfaceOrientationPortraitUpsideDown UIInterfaceOrientationLandscapeLeft UIInterfaceOrientationLandscapeRight";
				INFOPLIST_KEY_UISupportedInterfaceOrientations_iPhone = "UIInterfaceOrientationPortrait UIInterfaceOrientationLandscapeLeft UIInterfaceOrientationLandscapeRight";
				LD_RUNPATH_SEARCH_PATHS = (
					"$(inherited)",
					"@executable_path/Frameworks",
				);
				MARKETING_VERSION = 1.0;
				PRODUCT_BUNDLE_IDENTIFIER = com.sezeromer.LearnSwiftUI;
				PRODUCT_NAME = "$(TARGET_NAME)";
				SWIFT_EMIT_LOC_STRINGS = YES;
				SWIFT_VERSION = 5.0;
				TARGETED_DEVICE_FAMILY = "1,2";
			};
			name = Release;
		};
		49BE65342CA06F040034C920 /* Debug */ = {
			isa = XCBuildConfiguration;
			buildSettings = {
				BUNDLE_LOADER = "$(TEST_HOST)";
				CODE_SIGN_STYLE = Automatic;
				CURRENT_PROJECT_VERSION = 1;
				DEVELOPMENT_TEAM = LUQZLRGR39;
				GENERATE_INFOPLIST_FILE = YES;
				IPHONEOS_DEPLOYMENT_TARGET = 18.0;
				MARKETING_VERSION = 1.0;
				PRODUCT_BUNDLE_IDENTIFIER = com.sezeromer.LearnSwiftUITests;
				PRODUCT_NAME = "$(TARGET_NAME)";
				SWIFT_EMIT_LOC_STRINGS = NO;
				SWIFT_VERSION = 5.0;
				TARGETED_DEVICE_FAMILY = "1,2";
				TEST_HOST = "$(BUILT_PRODUCTS_DIR)/LearnSwiftUI.app/$(BUNDLE_EXECUTABLE_FOLDER_PATH)/LearnSwiftUI";
			};
			name = Debug;
		};
		49BE65352CA06F040034C920 /* Release */ = {
			isa = XCBuildConfiguration;
			buildSettings = {
				BUNDLE_LOADER = "$(TEST_HOST)";
				CODE_SIGN_STYLE = Automatic;
				CURRENT_PROJECT_VERSION = 1;
				DEVELOPMENT_TEAM = LUQZLRGR39;
				GENERATE_INFOPLIST_FILE = YES;
				IPHONEOS_DEPLOYMENT_TARGET = 18.0;
				MARKETING_VERSION = 1.0;
				PRODUCT_BUNDLE_IDENTIFIER = com.sezeromer.LearnSwiftUITests;
				PRODUCT_NAME = "$(TARGET_NAME)";
				SWIFT_EMIT_LOC_STRINGS = NO;
				SWIFT_VERSION = 5.0;
				TARGETED_DEVICE_FAMILY = "1,2";
				TEST_HOST = "$(BUILT_PRODUCTS_DIR)/LearnSwiftUI.app/$(BUNDLE_EXECUTABLE_FOLDER_PATH)/LearnSwiftUI";
			};
			name = Release;
		};
		49BE65372CA06F040034C920 /* Debug */ = {
			isa = XCBuildConfiguration;
			buildSettings = {
				CODE_SIGN_STYLE = Automatic;
				CURRENT_PROJECT_VERSION = 1;
				DEVELOPMENT_TEAM = LUQZLRGR39;
				GENERATE_INFOPLIST_FILE = YES;
				MARKETING_VERSION = 1.0;
				PRODUCT_BUNDLE_IDENTIFIER = com.sezeromer.LearnSwiftUIUITests;
				PRODUCT_NAME = "$(TARGET_NAME)";
				SWIFT_EMIT_LOC_STRINGS = NO;
				SWIFT_VERSION = 5.0;
				TARGETED_DEVICE_FAMILY = "1,2";
				TEST_TARGET_NAME = LearnSwiftUI;
			};
			name = Debug;
		};
		49BE65382CA06F040034C920 /* Release */ = {
			isa = XCBuildConfiguration;
			buildSettings = {
				CODE_SIGN_STYLE = Automatic;
				CURRENT_PROJECT_VERSION = 1;
				DEVELOPMENT_TEAM = LUQZLRGR39;
				GENERATE_INFOPLIST_FILE = YES;
				MARKETING_VERSION = 1.0;
				PRODUCT_BUNDLE_IDENTIFIER = com.sezeromer.LearnSwiftUIUITests;
				PRODUCT_NAME = "$(TARGET_NAME)";
				SWIFT_EMIT_LOC_STRINGS = NO;
				SWIFT_VERSION = 5.0;
				TARGETED_DEVICE_FAMILY = "1,2";
				TEST_TARGET_NAME = LearnSwiftUI;
			};
			name = Release;
		};
/* End XCBuildConfiguration section */

/* Begin XCConfigurationList section */
		49BE65072CA06F020034C920 /* Build configuration list for PBXProject "LearnSwiftUI" */ = {
			isa = XCConfigurationList;
			buildConfigurations = (
				49BE652E2CA06F040034C920 /* Debug */,
				49BE652F2CA06F040034C920 /* Release */,
			);
			defaultConfigurationIsVisible = 0;
			defaultConfigurationName = Release;
		};
		49BE65302CA06F040034C920 /* Build configuration list for PBXNativeTarget "LearnSwiftUI" */ = {
			isa = XCConfigurationList;
			buildConfigurations = (
				49BE65312CA06F040034C920 /* Debug */,
				49BE65322CA06F040034C920 /* Release */,
			);
			defaultConfigurationIsVisible = 0;
			defaultConfigurationName = Release;
		};
		49BE65332CA06F040034C920 /* Build configuration list for PBXNativeTarget "LearnSwiftUITests" */ = {
			isa = XCConfigurationList;
			buildConfigurations = (
				49BE65342CA06F040034C920 /* Debug */,
				49BE65352CA06F040034C920 /* Release */,
			);
			defaultConfigurationIsVisible = 0;
			defaultConfigurationName = Release;
		};
		49BE65362CA06F040034C920 /* Build configuration list for PBXNativeTarget "LearnSwiftUIUITests" */ = {
			isa = XCConfigurationList;
			buildConfigurations = (
				49BE65372CA06F040034C920 /* Debug */,
				49BE65382CA06F040034C920 /* Release */,
			);
			defaultConfigurationIsVisible = 0;
			defaultConfigurationName = Release;
		};
/* End XCConfigurationList section */
	};
	rootObject = 49BE65042CA06F020034C920 /* Project object */;
}
